
Microsoft Visual Studio Solution File, Format Version 12.00
# Visual Studio Version 17
VisualStudioVersion = 17.3.32901.215
MinimumVisualStudioVersion = 10.0.40219.1
Project("{FAE04EC0-301F-11D3-BF4B-00C04F79EFBC}") = "xadrez-console", "xadrez-console\xadrez-console.csproj", "{4773EDA7-2753-48C0-8606-56682DE56A21}"
EndProject
Global
	GlobalSection(SolutionConfigurationPlatforms) = preSolution
		Debug|Any CPU = Debug|Any CPU
		Release|Any CPU = Release|Any CPU
	EndGlobalSection
	GlobalSection(ProjectConfigurationPlatforms) = postSolution
		{4773EDA7-2753-48C0-8606-56682DE56A21}.Debug|Any CPU.ActiveCfg = Debug|Any CPU
		{4773EDA7-2753-48C0-8606-56682DE56A21}.Debug|Any CPU.Build.0 = Debug|Any CPU
		{4773EDA7-2753-48C0-8606-56682DE56A21}.Release|Any CPU.ActiveCfg = Release|Any CPU
		{4773EDA7-2753-48C0-8606-56682DE56A21}.Release|Any CPU.Build.0 = Release|Any CPU
	EndGlobalSection
	GlobalSection(SolutionProperties) = preSolution
		HideSolutionNode = FALSE
	EndGlobalSection
	GlobalSection(ExtensibilityGlobals) = postSolution
		SolutionGuid = {6E0F1B40-B503-44D3-A021-03A44359770F}
	EndGlobalSection
EndGlobal
